// !$*UTF8*$!
{
	archiveVersion = 1;
	classes = {
	};
	objectVersion = 55;
	objects = {

/* Begin PBXBuildFile section */
		6E285EEB2907B6EE00F8AC71 /* CheckoutRequest.swift in Sources */ = {isa = PBXBuildFile; fileRef = 6E285EEA2907B6EE00F8AC71 /* CheckoutRequest.swift */; };
		6E8CADA829078A860008D973 /* Cnst.swift in Sources */ = {isa = PBXBuildFile; fileRef = 6E8CADA729078A860008D973 /* Cnst.swift */; };
		6E8CADAC29078D160008D973 /* Inter-Bold.ttf in Resources */ = {isa = PBXBuildFile; fileRef = 6E8CADA929078D160008D973 /* Inter-Bold.ttf */; };
		6E8CADAD29078D160008D973 /* Inter-Regular.ttf in Resources */ = {isa = PBXBuildFile; fileRef = 6E8CADAA29078D160008D973 /* Inter-Regular.ttf */; };
		6E8CADAE29078D160008D973 /* Inter-SemiBold.ttf in Resources */ = {isa = PBXBuildFile; fileRef = 6E8CADAB29078D160008D973 /* Inter-SemiBold.ttf */; };
		6E8CADB029078D260008D973 /* loading.json in Resources */ = {isa = PBXBuildFile; fileRef = 6E8CADAF29078D260008D973 /* loading.json */; };
		6E8CADB329078DFD0008D973 /* BaseView.swift in Sources */ = {isa = PBXBuildFile; fileRef = 6E8CADB229078DFD0008D973 /* BaseView.swift */; };
		6E8CADB529078E170008D973 /* BaseViewModel.swift in Sources */ = {isa = PBXBuildFile; fileRef = 6E8CADB429078E170008D973 /* BaseViewModel.swift */; };
		6E8CADB729078E430008D973 /* CustomSheetShowHide.swift in Sources */ = {isa = PBXBuildFile; fileRef = 6E8CADB629078E430008D973 /* CustomSheetShowHide.swift */; };
		6E8CADB929078E580008D973 /* CustomRoundSpecificCornerShape.swift in Sources */ = {isa = PBXBuildFile; fileRef = 6E8CADB829078E580008D973 /* CustomRoundSpecificCornerShape.swift */; };
		6E8CADBB29078E880008D973 /* CustomErrorSheet.swift in Sources */ = {isa = PBXBuildFile; fileRef = 6E8CADBA29078E880008D973 /* CustomErrorSheet.swift */; };
		6E8CADBD29078EAE0008D973 /* CustomLottieView.swift in Sources */ = {isa = PBXBuildFile; fileRef = 6E8CADBC29078EAE0008D973 /* CustomLottieView.swift */; };
		6E8CADC029078EE60008D973 /* Lottie in Frameworks */ = {isa = PBXBuildFile; productRef = 6E8CADBF29078EE60008D973 /* Lottie */; };
		6E8CADC229078EEF0008D973 /* ExtensionColor.swift in Sources */ = {isa = PBXBuildFile; fileRef = 6E8CADC129078EEF0008D973 /* ExtensionColor.swift */; };
		6E8CADC429078F070008D973 /* ExtensionUIApplication.swift in Sources */ = {isa = PBXBuildFile; fileRef = 6E8CADC329078F070008D973 /* ExtensionUIApplication.swift */; };
		6E8CADC629078F1C0008D973 /* ExtensionData.swift in Sources */ = {isa = PBXBuildFile; fileRef = 6E8CADC529078F1C0008D973 /* ExtensionData.swift */; };
		6E8CADC929078F350008D973 /* ExtensionView.swift in Sources */ = {isa = PBXBuildFile; fileRef = 6E8CADC829078F350008D973 /* ExtensionView.swift */; };
		6E8CADCB29078F530008D973 /* ExtensionString.swift in Sources */ = {isa = PBXBuildFile; fileRef = 6E8CADCA29078F530008D973 /* ExtensionString.swift */; };
		6E8CADD029078FD70008D973 /* BaseRepository.swift in Sources */ = {isa = PBXBuildFile; fileRef = 6E8CADCF29078FD70008D973 /* BaseRepository.swift */; };
		6E8CADD2290790040008D973 /* CentralRoute.swift in Sources */ = {isa = PBXBuildFile; fileRef = 6E8CADD1290790040008D973 /* CentralRoute.swift */; };
		6E8CADD52907901D0008D973 /* CentralRepository.swift in Sources */ = {isa = PBXBuildFile; fileRef = 6E8CADD42907901D0008D973 /* CentralRepository.swift */; };
		6E8CADD7290796310008D973 /* CustomTextFiledWtErrorView.swift in Sources */ = {isa = PBXBuildFile; fileRef = 6E8CADD6290796310008D973 /* CustomTextFiledWtErrorView.swift */; };
		6E8CADD92907989F0008D973 /* ListView.swift in Sources */ = {isa = PBXBuildFile; fileRef = 6E8CADD82907989F0008D973 /* ListView.swift */; };
		6E8CADDB2907A6A80008D973 /* LoginViewModel.swift in Sources */ = {isa = PBXBuildFile; fileRef = 6E8CADDA2907A6A80008D973 /* LoginViewModel.swift */; };
		6E8CADDD2907A7640008D973 /* ProductResponse.swift in Sources */ = {isa = PBXBuildFile; fileRef = 6E8CADDC2907A7640008D973 /* ProductResponse.swift */; };
		6E8CADDF2907B3120008D973 /* CheckOutView.swift in Sources */ = {isa = PBXBuildFile; fileRef = 6E8CADDE2907B3120008D973 /* CheckOutView.swift */; };
		6E8F1D4B2907879F0094AC64 /* wingsApp.swift in Sources */ = {isa = PBXBuildFile; fileRef = 6E8F1D4A2907879F0094AC64 /* wingsApp.swift */; };
		6E8F1D4D2907879F0094AC64 /* LoginView.swift in Sources */ = {isa = PBXBuildFile; fileRef = 6E8F1D4C2907879F0094AC64 /* LoginView.swift */; };
		6E8F1D4F290787A00094AC64 /* Assets.xcassets in Resources */ = {isa = PBXBuildFile; fileRef = 6E8F1D4E290787A00094AC64 /* Assets.xcassets */; };
		6E8F1D52290787A00094AC64 /* Preview Assets.xcassets in Resources */ = {isa = PBXBuildFile; fileRef = 6E8F1D51290787A00094AC64 /* Preview Assets.xcassets */; };
/* End PBXBuildFile section */

/* Begin PBXFileReference section */
		6E285EEA2907B6EE00F8AC71 /* CheckoutRequest.swift */ = {isa = PBXFileReference; lastKnownFileType = sourcecode.swift; path = CheckoutRequest.swift; sourceTree = "<group>"; };
		6E8CADA729078A860008D973 /* Cnst.swift */ = {isa = PBXFileReference; lastKnownFileType = sourcecode.swift; path = Cnst.swift; sourceTree = "<group>"; };
		6E8CADA929078D160008D973 /* Inter-Bold.ttf */ = {isa = PBXFileReference; lastKnownFileType = file; path = "Inter-Bold.ttf"; sourceTree = "<group>"; };
		6E8CADAA29078D160008D973 /* Inter-Regular.ttf */ = {isa = PBXFileReference; lastKnownFileType = file; path = "Inter-Regular.ttf"; sourceTree = "<group>"; };
		6E8CADAB29078D160008D973 /* Inter-SemiBold.ttf */ = {isa = PBXFileReference; lastKnownFileType = file; path = "Inter-SemiBold.ttf"; sourceTree = "<group>"; };
		6E8CADAF29078D260008D973 /* loading.json */ = {isa = PBXFileReference; fileEncoding = 4; lastKnownFileType = text.json; path = loading.json; sourceTree = "<group>"; };
		6E8CADB129078D850008D973 /* Info.plist */ = {isa = PBXFileReference; lastKnownFileType = text.plist; path = Info.plist; sourceTree = "<group>"; };
		6E8CADB229078DFD0008D973 /* BaseView.swift */ = {isa = PBXFileReference; lastKnownFileType = sourcecode.swift; path = BaseView.swift; sourceTree = "<group>"; };
		6E8CADB429078E170008D973 /* BaseViewModel.swift */ = {isa = PBXFileReference; lastKnownFileType = sourcecode.swift; path = BaseViewModel.swift; sourceTree = "<group>"; };
		6E8CADB629078E430008D973 /* CustomSheetShowHide.swift */ = {isa = PBXFileReference; lastKnownFileType = sourcecode.swift; path = CustomSheetShowHide.swift; sourceTree = "<group>"; };
		6E8CADB829078E580008D973 /* CustomRoundSpecificCornerShape.swift */ = {isa = PBXFileReference; lastKnownFileType = sourcecode.swift; path = CustomRoundSpecificCornerShape.swift; sourceTree = "<group>"; };
		6E8CADBA29078E880008D973 /* CustomErrorSheet.swift */ = {isa = PBXFileReference; lastKnownFileType = sourcecode.swift; path = CustomErrorSheet.swift; sourceTree = "<group>"; };
		6E8CADBC29078EAE0008D973 /* CustomLottieView.swift */ = {isa = PBXFileReference; lastKnownFileType = sourcecode.swift; path = CustomLottieView.swift; sourceTree = "<group>"; };
		6E8CADC129078EEF0008D973 /* ExtensionColor.swift */ = {isa = PBXFileReference; lastKnownFileType = sourcecode.swift; path = ExtensionColor.swift; sourceTree = "<group>"; };
		6E8CADC329078F070008D973 /* ExtensionUIApplication.swift */ = {isa = PBXFileReference; lastKnownFileType = sourcecode.swift; path = ExtensionUIApplication.swift; sourceTree = "<group>"; };
		6E8CADC529078F1C0008D973 /* ExtensionData.swift */ = {isa = PBXFileReference; lastKnownFileType = sourcecode.swift; path = ExtensionData.swift; sourceTree = "<group>"; };
		6E8CADC829078F350008D973 /* ExtensionView.swift */ = {isa = PBXFileReference; lastKnownFileType = sourcecode.swift; path = ExtensionView.swift; sourceTree = "<group>"; };
		6E8CADCA29078F530008D973 /* ExtensionString.swift */ = {isa = PBXFileReference; lastKnownFileType = sourcecode.swift; path = ExtensionString.swift; sourceTree = "<group>"; };
		6E8CADCF29078FD70008D973 /* BaseRepository.swift */ = {isa = PBXFileReference; lastKnownFileType = sourcecode.swift; path = BaseRepository.swift; sourceTree = "<group>"; };
		6E8CADD1290790040008D973 /* CentralRoute.swift */ = {isa = PBXFileReference; lastKnownFileType = sourcecode.swift; path = CentralRoute.swift; sourceTree = "<group>"; };
		6E8CADD42907901D0008D973 /* CentralRepository.swift */ = {isa = PBXFileReference; lastKnownFileType = sourcecode.swift; path = CentralRepository.swift; sourceTree = "<group>"; };
		6E8CADD6290796310008D973 /* CustomTextFiledWtErrorView.swift */ = {isa = PBXFileReference; lastKnownFileType = sourcecode.swift; path = CustomTextFiledWtErrorView.swift; sourceTree = "<group>"; };
		6E8CADD82907989F0008D973 /* ListView.swift */ = {isa = PBXFileReference; lastKnownFileType = sourcecode.swift; path = ListView.swift; sourceTree = "<group>"; };
		6E8CADDA2907A6A80008D973 /* LoginViewModel.swift */ = {isa = PBXFileReference; lastKnownFileType = sourcecode.swift; path = LoginViewModel.swift; sourceTree = "<group>"; };
		6E8CADDC2907A7640008D973 /* ProductResponse.swift */ = {isa = PBXFileReference; lastKnownFileType = sourcecode.swift; path = ProductResponse.swift; sourceTree = "<group>"; };
		6E8CADDE2907B3120008D973 /* CheckOutView.swift */ = {isa = PBXFileReference; lastKnownFileType = sourcecode.swift; path = CheckOutView.swift; sourceTree = "<group>"; };
		6E8F1D472907879E0094AC64 /* wings.app */ = {isa = PBXFileReference; explicitFileType = wrapper.application; includeInIndex = 0; path = wings.app; sourceTree = BUILT_PRODUCTS_DIR; };
		6E8F1D4A2907879F0094AC64 /* wingsApp.swift */ = {isa = PBXFileReference; lastKnownFileType = sourcecode.swift; path = wingsApp.swift; sourceTree = "<group>"; };
		6E8F1D4C2907879F0094AC64 /* LoginView.swift */ = {isa = PBXFileReference; lastKnownFileType = sourcecode.swift; path = LoginView.swift; sourceTree = "<group>"; };
		6E8F1D4E290787A00094AC64 /* Assets.xcassets */ = {isa = PBXFileReference; lastKnownFileType = folder.assetcatalog; path = Assets.xcassets; sourceTree = "<group>"; };
		6E8F1D51290787A00094AC64 /* Preview Assets.xcassets */ = {isa = PBXFileReference; lastKnownFileType = folder.assetcatalog; path = "Preview Assets.xcassets"; sourceTree = "<group>"; };
/* End PBXFileReference section */

/* Begin PBXFrameworksBuildPhase section */
		6E8F1D442907879E0094AC64 /* Frameworks */ = {
			isa = PBXFrameworksBuildPhase;
			buildActionMask = 2147483647;
			files = (
				6E8CADC029078EE60008D973 /* Lottie in Frameworks */,
			);
			runOnlyForDeploymentPostprocessing = 0;
		};
/* End PBXFrameworksBuildPhase section */

/* Begin PBXGroup section */
		6E8CAD9F29078A0F0008D973 /* Utilities */ = {
			isa = PBXGroup;
			children = (
				6E8CADC129078EEF0008D973 /* ExtensionColor.swift */,
				6E8CADC329078F070008D973 /* ExtensionUIApplication.swift */,
				6E8CADC529078F1C0008D973 /* ExtensionData.swift */,
				6E8CADC829078F350008D973 /* ExtensionView.swift */,
				6E8CADCA29078F530008D973 /* ExtensionString.swift */,
			);
			path = Utilities;
			sourceTree = "<group>";
		};
		6E8CADA029078A180008D973 /* Customs */ = {
			isa = PBXGroup;
			children = (
				6E8CADB629078E430008D973 /* CustomSheetShowHide.swift */,
				6E8CADB829078E580008D973 /* CustomRoundSpecificCornerShape.swift */,
				6E8CADBA29078E880008D973 /* CustomErrorSheet.swift */,
				6E8CADBC29078EAE0008D973 /* CustomLottieView.swift */,
				6E8CADD6290796310008D973 /* CustomTextFiledWtErrorView.swift */,
			);
			path = Customs;
			sourceTree = "<group>";
		};
		6E8CADA129078A210008D973 /* Views */ = {
			isa = PBXGroup;
			children = (
				6E8F1D4C2907879F0094AC64 /* LoginView.swift */,
				6E8CADDA2907A6A80008D973 /* LoginViewModel.swift */,
				6E8CADD82907989F0008D973 /* ListView.swift */,
				6E8CADDE2907B3120008D973 /* CheckOutView.swift */,
			);
			path = Views;
			sourceTree = "<group>";
		};
		6E8CADA229078A290008D973 /* Resources */ = {
			isa = PBXGroup;
			children = (
				6E8CADA629078A670008D973 /* Font */,
				6E8CADA529078A610008D973 /* Lottie */,
				6E8F1D4E290787A00094AC64 /* Assets.xcassets */,
				6E8CADA729078A860008D973 /* Cnst.swift */,
			);
			path = Resources;
			sourceTree = "<group>";
		};
		6E8CADA329078A340008D973 /* Network */ = {
			isa = PBXGroup;
			children = (
				6E8CADCE29078FC60008D973 /* Base */,
				6E8CADCD29078FBB0008D973 /* Request */,
				6E8CADCC29078FB50008D973 /* Response */,
			);
			path = Network;
			sourceTree = "<group>";
		};
		6E8CADA429078A3E0008D973 /* Base */ = {
			isa = PBXGroup;
			children = (
				6E8F1D4A2907879F0094AC64 /* wingsApp.swift */,
				6E8CADB229078DFD0008D973 /* BaseView.swift */,
				6E8CADB429078E170008D973 /* BaseViewModel.swift */,
			);
			path = Base;
			sourceTree = "<group>";
		};
		6E8CADA529078A610008D973 /* Lottie */ = {
			isa = PBXGroup;
			children = (
				6E8CADAF29078D260008D973 /* loading.json */,
			);
			path = Lottie;
			sourceTree = "<group>";
		};
		6E8CADA629078A670008D973 /* Font */ = {
			isa = PBXGroup;
			children = (
				6E8CADA929078D160008D973 /* Inter-Bold.ttf */,
				6E8CADAA29078D160008D973 /* Inter-Regular.ttf */,
				6E8CADAB29078D160008D973 /* Inter-SemiBold.ttf */,
			);
			path = Font;
			sourceTree = "<group>";
		};
		6E8CADCC29078FB50008D973 /* Response */ = {
			isa = PBXGroup;
			children = (
				6E8CADDC2907A7640008D973 /* ProductResponse.swift */,
			);
			path = Response;
			sourceTree = "<group>";
		};
		6E8CADCD29078FBB0008D973 /* Request */ = {
			isa = PBXGroup;
			children = (
				6E285EEA2907B6EE00F8AC71 /* CheckoutRequest.swift */,
			);
			path = Request;
			sourceTree = "<group>";
		};
		6E8CADCE29078FC60008D973 /* Base */ = {
			isa = PBXGroup;
			children = (
				6E8CADCF29078FD70008D973 /* BaseRepository.swift */,
				6E8CADD1290790040008D973 /* CentralRoute.swift */,
				6E8CADD42907901D0008D973 /* CentralRepository.swift */,
			);
			path = Base;
			sourceTree = "<group>";
		};
		6E8F1D3E2907879E0094AC64 = {
			isa = PBXGroup;
			children = (
				6E8F1D492907879E0094AC64 /* wings */,
				6E8F1D482907879E0094AC64 /* Products */,
			);
			sourceTree = "<group>";
		};
		6E8F1D482907879E0094AC64 /* Products */ = {
			isa = PBXGroup;
			children = (
				6E8F1D472907879E0094AC64 /* wings.app */,
			);
			name = Products;
			sourceTree = "<group>";
		};
		6E8F1D492907879E0094AC64 /* wings */ = {
			isa = PBXGroup;
			children = (
				6E8CADB129078D850008D973 /* Info.plist */,
				6E8CADA429078A3E0008D973 /* Base */,
				6E8CADA329078A340008D973 /* Network */,
				6E8CADA229078A290008D973 /* Resources */,
				6E8CADA129078A210008D973 /* Views */,
				6E8CADA029078A180008D973 /* Customs */,
				6E8CAD9F29078A0F0008D973 /* Utilities */,
				6E8F1D50290787A00094AC64 /* Preview Content */,
			);
			path = wings;
			sourceTree = "<group>";
		};
		6E8F1D50290787A00094AC64 /* Preview Content */ = {
			isa = PBXGroup;
			children = (
				6E8F1D51290787A00094AC64 /* Preview Assets.xcassets */,
			);
			path = "Preview Content";
			sourceTree = "<group>";
		};
/* End PBXGroup section */

/* Begin PBXNativeTarget section */
		6E8F1D462907879E0094AC64 /* wings */ = {
			isa = PBXNativeTarget;
			buildConfigurationList = 6E8F1D55290787A00094AC64 /* Build configuration list for PBXNativeTarget "wings" */;
			buildPhases = (
				6E8F1D432907879E0094AC64 /* Sources */,
				6E8F1D442907879E0094AC64 /* Frameworks */,
				6E8F1D452907879E0094AC64 /* Resources */,
			);
			buildRules = (
			);
			dependencies = (
			);
			name = wings;
			packageProductDependencies = (
				6E8CADBF29078EE60008D973 /* Lottie */,
			);
			productName = wings;
			productReference = 6E8F1D472907879E0094AC64 /* wings.app */;
			productType = "com.apple.product-type.application";
		};
/* End PBXNativeTarget section */

/* Begin PBXProject section */
		6E8F1D3F2907879E0094AC64 /* Project object */ = {
			isa = PBXProject;
			attributes = {
				BuildIndependentTargetsInParallel = 1;
				LastSwiftUpdateCheck = 1310;
				LastUpgradeCheck = 1310;
				TargetAttributes = {
					6E8F1D462907879E0094AC64 = {
						CreatedOnToolsVersion = 13.1;
					};
				};
			};
			buildConfigurationList = 6E8F1D422907879E0094AC64 /* Build configuration list for PBXProject "wings" */;
			compatibilityVersion = "Xcode 13.0";
			developmentRegion = en;
			hasScannedForEncodings = 0;
			knownRegions = (
				en,
				Base,
			);
			mainGroup = 6E8F1D3E2907879E0094AC64;
			packageReferences = (
				6E8CADBE29078EE60008D973 /* XCRemoteSwiftPackageReference "lottie-ios" */,
			);
			productRefGroup = 6E8F1D482907879E0094AC64 /* Products */;
			projectDirPath = "";
			projectRoot = "";
			targets = (
				6E8F1D462907879E0094AC64 /* wings */,
			);
		};
/* End PBXProject section */

/* Begin PBXResourcesBuildPhase section */
		6E8F1D452907879E0094AC64 /* Resources */ = {
			isa = PBXResourcesBuildPhase;
			buildActionMask = 2147483647;
			files = (
				6E8CADAC29078D160008D973 /* Inter-Bold.ttf in Resources */,
				6E8F1D52290787A00094AC64 /* Preview Assets.xcassets in Resources */,
				6E8CADB029078D260008D973 /* loading.json in Resources */,
				6E8CADAD29078D160008D973 /* Inter-Regular.ttf in Resources */,
				6E8CADAE29078D160008D973 /* Inter-SemiBold.ttf in Resources */,
				6E8F1D4F290787A00094AC64 /* Assets.xcassets in Resources */,
			);
			runOnlyForDeploymentPostprocessing = 0;
		};
/* End PBXResourcesBuildPhase section */

/* Begin PBXSourcesBuildPhase section */
		6E8F1D432907879E0094AC64 /* Sources */ = {
			isa = PBXSourcesBuildPhase;
			buildActionMask = 2147483647;
			files = (
				6E8CADC929078F350008D973 /* ExtensionView.swift in Sources */,
				6E8CADB929078E580008D973 /* CustomRoundSpecificCornerShape.swift in Sources */,
				6E8CADC429078F070008D973 /* ExtensionUIApplication.swift in Sources */,
				6E8CADD029078FD70008D973 /* BaseRepository.swift in Sources */,
				6E8CADD7290796310008D973 /* CustomTextFiledWtErrorView.swift in Sources */,
				6E8F1D4D2907879F0094AC64 /* LoginView.swift in Sources */,
				6E8CADDD2907A7640008D973 /* ProductResponse.swift in Sources */,
				6E8CADD2290790040008D973 /* CentralRoute.swift in Sources */,
				6E8CADB729078E430008D973 /* CustomSheetShowHide.swift in Sources */,
				6E8CADDB2907A6A80008D973 /* LoginViewModel.swift in Sources */,
				6E8CADB529078E170008D973 /* BaseViewModel.swift in Sources */,
				6E8CADA829078A860008D973 /* Cnst.swift in Sources */,
				6E8CADBD29078EAE0008D973 /* CustomLottieView.swift in Sources */,
				6E8CADD52907901D0008D973 /* CentralRepository.swift in Sources */,
				6E8F1D4B2907879F0094AC64 /* wingsApp.swift in Sources */,
				6E285EEB2907B6EE00F8AC71 /* CheckoutRequest.swift in Sources */,
				6E8CADB329078DFD0008D973 /* BaseView.swift in Sources */,
				6E8CADC629078F1C0008D973 /* ExtensionData.swift in Sources */,
				6E8CADBB29078E880008D973 /* CustomErrorSheet.swift in Sources */,
				6E8CADCB29078F530008D973 /* ExtensionString.swift in Sources */,
				6E8CADD92907989F0008D973 /* ListView.swift in Sources */,
				6E8CADDF2907B3120008D973 /* CheckOutView.swift in Sources */,
				6E8CADC229078EEF0008D973 /* ExtensionColor.swift in Sources */,
			);
			runOnlyForDeploymentPostprocessing = 0;
		};
/* End PBXSourcesBuildPhase section */

/* Begin XCBuildConfiguration section */
		6E8F1D53290787A00094AC64 /* Debug */ = {
			isa = XCBuildConfiguration;
			buildSettings = {
				ALWAYS_SEARCH_USER_PATHS = NO;
				CLANG_ANALYZER_NONNULL = YES;
				CLANG_ANALYZER_NUMBER_OBJECT_CONVERSION = YES_AGGRESSIVE;
				CLANG_CXX_LANGUAGE_STANDARD = "gnu++17";
				CLANG_CXX_LIBRARY = "libc++";
				CLANG_ENABLE_MODULES = YES;
				CLANG_ENABLE_OBJC_ARC = YES;
				CLANG_ENABLE_OBJC_WEAK = YES;
				CLANG_WARN_BLOCK_CAPTURE_AUTORELEASING = YES;
				CLANG_WARN_BOOL_CONVERSION = YES;
				CLANG_WARN_COMMA = YES;
				CLANG_WARN_CONSTANT_CONVERSION = YES;
				CLANG_WARN_DEPRECATED_OBJC_IMPLEMENTATIONS = YES;
				CLANG_WARN_DIRECT_OBJC_ISA_USAGE = YES_ERROR;
				CLANG_WARN_DOCUMENTATION_COMMENTS = YES;
				CLANG_WARN_EMPTY_BODY = YES;
				CLANG_WARN_ENUM_CONVERSION = YES;
				CLANG_WARN_INFINITE_RECURSION = YES;
				CLANG_WARN_INT_CONVERSION = YES;
				CLANG_WARN_NON_LITERAL_NULL_CONVERSION = YES;
				CLANG_WARN_OBJC_IMPLICIT_RETAIN_SELF = YES;
				CLANG_WARN_OBJC_LITERAL_CONVERSION = YES;
				CLANG_WARN_OBJC_ROOT_CLASS = YES_ERROR;
				CLANG_WARN_QUOTED_INCLUDE_IN_FRAMEWORK_HEADER = YES;
				CLANG_WARN_RANGE_LOOP_ANALYSIS = YES;
				CLANG_WARN_STRICT_PROTOTYPES = YES;
				CLANG_WARN_SUSPICIOUS_MOVE = YES;
				CLANG_WARN_UNGUARDED_AVAILABILITY = YES_AGGRESSIVE;
				CLANG_WARN_UNREACHABLE_CODE = YES;
				CLANG_WARN__DUPLICATE_METHOD_MATCH = YES;
				COPY_PHASE_STRIP = NO;
				DEBUG_INFORMATION_FORMAT = dwarf;
				ENABLE_STRICT_OBJC_MSGSEND = YES;
				ENABLE_TESTABILITY = YES;
				GCC_C_LANGUAGE_STANDARD = gnu11;
				GCC_DYNAMIC_NO_PIC = NO;
				GCC_NO_COMMON_BLOCKS = YES;
				GCC_OPTIMIZATION_LEVEL = 0;
				GCC_PREPROCESSOR_DEFINITIONS = (
					"DEBUG=1",
					"$(inherited)",
				);
				GCC_WARN_64_TO_32_BIT_CONVERSION = YES;
				GCC_WARN_ABOUT_RETURN_TYPE = YES_ERROR;
				GCC_WARN_UNDECLARED_SELECTOR = YES;
				GCC_WARN_UNINITIALIZED_AUTOS = YES_AGGRESSIVE;
				GCC_WARN_UNUSED_FUNCTION = YES;
				GCC_WARN_UNUSED_VARIABLE = YES;
				IPHONEOS_DEPLOYMENT_TARGET = 15.0;
				MTL_ENABLE_DEBUG_INFO = INCLUDE_SOURCE;
				MTL_FAST_MATH = YES;
				ONLY_ACTIVE_ARCH = YES;
				SDKROOT = iphoneos;
				SWIFT_ACTIVE_COMPILATION_CONDITIONS = DEBUG;
				SWIFT_OPTIMIZATION_LEVEL = "-Onone";
			};
			name = Debug;
		};
		6E8F1D54290787A00094AC64 /* Release */ = {
			isa = XCBuildConfiguration;
			buildSettings = {
				ALWAYS_SEARCH_USER_PATHS = NO;
				CLANG_ANALYZER_NONNULL = YES;
				CLANG_ANALYZER_NUMBER_OBJECT_CONVERSION = YES_AGGRESSIVE;
				CLANG_CXX_LANGUAGE_STANDARD = "gnu++17";
				CLANG_CXX_LIBRARY = "libc++";
				CLANG_ENABLE_MODULES = YES;
				CLANG_ENABLE_OBJC_ARC = YES;
				CLANG_ENABLE_OBJC_WEAK = YES;
				CLANG_WARN_BLOCK_CAPTURE_AUTORELEASING = YES;
				CLANG_WARN_BOOL_CONVERSION = YES;
				CLANG_WARN_COMMA = YES;
				CLANG_WARN_CONSTANT_CONVERSION = YES;
				CLANG_WARN_DEPRECATED_OBJC_IMPLEMENTATIONS = YES;
				CLANG_WARN_DIRECT_OBJC_ISA_USAGE = YES_ERROR;
				CLANG_WARN_DOCUMENTATION_COMMENTS = YES;
				CLANG_WARN_EMPTY_BODY = YES;
				CLANG_WARN_ENUM_CONVERSION = YES;
				CLANG_WARN_INFINITE_RECURSION = YES;
				CLANG_WARN_INT_CONVERSION = YES;
				CLANG_WARN_NON_LITERAL_NULL_CONVERSION = YES;
				CLANG_WARN_OBJC_IMPLICIT_RETAIN_SELF = YES;
				CLANG_WARN_OBJC_LITERAL_CONVERSION = YES;
				CLANG_WARN_OBJC_ROOT_CLASS = YES_ERROR;
				CLANG_WARN_QUOTED_INCLUDE_IN_FRAMEWORK_HEADER = YES;
				CLANG_WARN_RANGE_LOOP_ANALYSIS = YES;
				CLANG_WARN_STRICT_PROTOTYPES = YES;
				CLANG_WARN_SUSPICIOUS_MOVE = YES;
				CLANG_WARN_UNGUARDED_AVAILABILITY = YES_AGGRESSIVE;
				CLANG_WARN_UNREACHABLE_CODE = YES;
				CLANG_WARN__DUPLICATE_METHOD_MATCH = YES;
				COPY_PHASE_STRIP = NO;
				DEBUG_INFORMATION_FORMAT = "dwarf-with-dsym";
				ENABLE_NS_ASSERTIONS = NO;
				ENABLE_STRICT_OBJC_MSGSEND = YES;
				GCC_C_LANGUAGE_STANDARD = gnu11;
				GCC_NO_COMMON_BLOCKS = YES;
				GCC_WARN_64_TO_32_BIT_CONVERSION = YES;
				GCC_WARN_ABOUT_RETURN_TYPE = YES_ERROR;
				GCC_WARN_UNDECLARED_SELECTOR = YES;
				GCC_WARN_UNINITIALIZED_AUTOS = YES_AGGRESSIVE;
				GCC_WARN_UNUSED_FUNCTION = YES;
				GCC_WARN_UNUSED_VARIABLE = YES;
				IPHONEOS_DEPLOYMENT_TARGET = 15.0;
				MTL_ENABLE_DEBUG_INFO = NO;
				MTL_FAST_MATH = YES;
				SDKROOT = iphoneos;
				SWIFT_COMPILATION_MODE = wholemodule;
				SWIFT_OPTIMIZATION_LEVEL = "-O";
				VALIDATE_PRODUCT = YES;
			};
			name = Release;
		};
		6E8F1D56290787A00094AC64 /* Debug */ = {
			isa = XCBuildConfiguration;
			buildSettings = {
				ASSETCATALOG_COMPILER_APPICON_NAME = AppIcon;
				ASSETCATALOG_COMPILER_GLOBAL_ACCENT_COLOR_NAME = AccentColor;
				CODE_SIGN_STYLE = Automatic;
				CURRENT_PROJECT_VERSION = 1;
				DEVELOPMENT_ASSET_PATHS = "\"wings/Preview Content\"";
				DEVELOPMENT_TEAM = 8K8YW9U9D4;
				ENABLE_PREVIEWS = YES;
				GENERATE_INFOPLIST_FILE = YES;
				INFOPLIST_FILE = wings/Info.plist;
				INFOPLIST_KEY_UIApplicationSceneManifest_Generation = YES;
				INFOPLIST_KEY_UIApplicationSupportsIndirectInputEvents = YES;
				INFOPLIST_KEY_UILaunchScreen_Generation = YES;
				INFOPLIST_KEY_UISupportedInterfaceOrientations_iPad = "UIInterfaceOrientationPortrait UIInterfaceOrientationPortraitUpsideDown UIInterfaceOrientationLandscapeLeft UIInterfaceOrientationLandscapeRight";
				INFOPLIST_KEY_UISupportedInterfaceOrientations_iPhone = "UIInterfaceOrientationPortrait UIInterfaceOrientationLandscapeLeft UIInterfaceOrientationLandscapeRight";
				LD_RUNPATH_SEARCH_PATHS = (
					"$(inherited)",
					"@executable_path/Frameworks",
				);
				MARKETING_VERSION = 1.0;
				PRODUCT_BUNDLE_IDENTIFIER = akh.mrz.wings;
				PRODUCT_NAME = "$(TARGET_NAME)";
				SWIFT_EMIT_LOC_STRINGS = YES;
				SWIFT_VERSION = 5.0;
				TARGETED_DEVICE_FAMILY = "1,2";
			};
			name = Debug;
		};
		6E8F1D57290787A00094AC64 /* Release */ = {
			isa = XCBuildConfiguration;
			buildSettings = {
				ASSETCATALOG_COMPILER_APPICON_NAME = AppIcon;
				ASSETCATALOG_COMPILER_GLOBAL_ACCENT_COLOR_NAME = AccentColor;
				CODE_SIGN_STYLE = Automatic;
				CURRENT_PROJECT_VERSION = 1;
				DEVELOPMENT_ASSET_PATHS = "\"wings/Preview Content\"";
				DEVELOPMENT_TEAM = 8K8YW9U9D4;
				ENABLE_PREVIEWS = YES;
				GENERATE_INFOPLIST_FILE = YES;
				INFOPLIST_FILE = wings/Info.plist;
				INFOPLIST_KEY_UIApplicationSceneManifest_Generation = YES;
				INFOPLIST_KEY_UIApplicationSupportsIndirectInputEvents = YES;
				INFOPLIST_KEY_UILaunchScreen_Generation = YES;
				INFOPLIST_KEY_UISupportedInterfaceOrientations_iPad = "UIInterfaceOrientationPortrait UIInterfaceOrientationPortraitUpsideDown UIInterfaceOrientationLandscapeLeft UIInterfaceOrientationLandscapeRight";
				INFOPLIST_KEY_UISupportedInterfaceOrientations_iPhone = "UIInterfaceOrientationPortrait UIInterfaceOrientationLandscapeLeft UIInterfaceOrientationLandscapeRight";
				LD_RUNPATH_SEARCH_PATHS = (
					"$(inherited)",
					"@executable_path/Frameworks",
				);
				MARKETING_VERSION = 1.0;
				PRODUCT_BUNDLE_IDENTIFIER = akh.mrz.wings;
				PRODUCT_NAME = "$(TARGET_NAME)";
				SWIFT_EMIT_LOC_STRINGS = YES;
				SWIFT_VERSION = 5.0;
				TARGETED_DEVICE_FAMILY = "1,2";
			};
			name = Release;
		};
/* End XCBuildConfiguration section */

/* Begin XCConfigurationList section */
		6E8F1D422907879E0094AC64 /* Build configuration list for PBXProject "wings" */ = {
			isa = XCConfigurationList;
			buildConfigurations = (
				6E8F1D53290787A00094AC64 /* Debug */,
				6E8F1D54290787A00094AC64 /* Release */,
			);
			defaultConfigurationIsVisible = 0;
			defaultConfigurationName = Release;
		};
		6E8F1D55290787A00094AC64 /* Build configuration list for PBXNativeTarget "wings" */ = {
			isa = XCConfigurationList;
			buildConfigurations = (
				6E8F1D56290787A00094AC64 /* Debug */,
				6E8F1D57290787A00094AC64 /* Release */,
			);
			defaultConfigurationIsVisible = 0;
			defaultConfigurationName = Release;
		};
/* End XCConfigurationList section */

/* Begin XCRemoteSwiftPackageReference section */
		6E8CADBE29078EE60008D973 /* XCRemoteSwiftPackageReference "lottie-ios" */ = {
			isa = XCRemoteSwiftPackageReference;
			repositoryURL = "https://github.com/airbnb/lottie-ios";
			requirement = {
				kind = exactVersion;
				version = 3.4.0;
			};
		};
/* End XCRemoteSwiftPackageReference section */

/* Begin XCSwiftPackageProductDependency section */
		6E8CADBF29078EE60008D973 /* Lottie */ = {
			isa = XCSwiftPackageProductDependency;
			package = 6E8CADBE29078EE60008D973 /* XCRemoteSwiftPackageReference "lottie-ios" */;
			productName = Lottie;
		};
/* End XCSwiftPackageProductDependency section */
	};
	rootObject = 6E8F1D3F2907879E0094AC64 /* Project object */;
}
